
Microsoft Visual Studio Solution File, Format Version 11.00
# Visual Studio 2010
Project("{FAE04EC0-301F-11D3-BF4B-00C04F79EFBC}") = "VuforiaScripts", "VuforiaScripts.csproj", "{982CC801-0C26-CF03-6711-F5D3DD2538E9}"
EndProject
Project("{FAE04EC0-301F-11D3-BF4B-00C04F79EFBC}") = "Assembly-CSharp", "Assembly-CSharp.csproj", "{2AC0841B-E07D-80FF-DD2D-A09F668471D1}"
EndProject
Project("{FAE04EC0-301F-11D3-BF4B-00C04F79EFBC}") = "VuforiaEditorScripts", "VuforiaEditorScripts.csproj", "{07AAAFFF-4D79-E96B-294D-4170A6D5FB67}"
EndProject
Global
	GlobalSection(SolutionConfigurationPlatforms) = preSolution
		Debug|Any CPU = Debug|Any CPU
		Release|Any CPU = Release|Any CPU
	EndGlobalSection
	GlobalSection(ProjectConfigurationPlatforms) = postSolution
		{982CC801-0C26-CF03-6711-F5D3DD2538E9}.Debug|Any CPU.ActiveCfg = Debug|Any CPU
		{982CC801-0C26-CF03-6711-F5D3DD2538E9}.Debug|Any CPU.Build.0 = Debug|Any CPU
		{982CC801-0C26-CF03-6711-F5D3DD2538E9}.Release|Any CPU.ActiveCfg = Release|Any CPU
		{982CC801-0C26-CF03-6711-F5D3DD2538E9}.Release|Any CPU.Build.0 = Release|Any CPU
		{2AC0841B-E07D-80FF-DD2D-A09F668471D1}.Debug|Any CPU.ActiveCfg = Debug|Any CPU
		{2AC0841B-E07D-80FF-DD2D-A09F668471D1}.Debug|Any CPU.Build.0 = Debug|Any CPU
		{2AC0841B-E07D-80FF-DD2D-A09F668471D1}.Release|Any CPU.ActiveCfg = Release|Any CPU
		{2AC0841B-E07D-80FF-DD2D-A09F668471D1}.Release|Any CPU.Build.0 = Release|Any CPU
		{07AAAFFF-4D79-E96B-294D-4170A6D5FB67}.Debug|Any CPU.ActiveCfg = Debug|Any CPU
		{07AAAFFF-4D79-E96B-294D-4170A6D5FB67}.Debug|Any CPU.Build.0 = Debug|Any CPU
		{07AAAFFF-4D79-E96B-294D-4170A6D5FB67}.Release|Any CPU.ActiveCfg = Release|Any CPU
		{07AAAFFF-4D79-E96B-294D-4170A6D5FB67}.Release|Any CPU.Build.0 = Release|Any CPU
	EndGlobalSection
	GlobalSection(SolutionProperties) = preSolution
		HideSolutionNode = FALSE
	EndGlobalSection
	GlobalSection(MonoDevelopProperties) = preSolution
		StartupItem = Assembly-CSharp.csproj
	EndGlobalSection
EndGlobal
